
Microsoft Visual Studio Solution File, Format Version 12.00
# Visual Studio Version 17
VisualStudioVersion = 17.8.34316.72
MinimumVisualStudioVersion = 10.0.40219.1
Project("{FAE04EC0-301F-11D3-BF4B-00C04F79EFBC}") = "WPF_Gestion_Etudiants", "WPF_Gestion_Etudiants\WPF_Gestion_Etudiants.csproj", "{661CBB1E-45B3-4425-A5FD-B9DBA479573C}"
EndProject
Global
	GlobalSection(SolutionConfigurationPlatforms) = preSolution
		Debug|Any CPU = Debug|Any CPU
		Release|Any CPU = Release|Any CPU
	EndGlobalSection
	GlobalSection(ProjectConfigurationPlatforms) = postSolution
		{661CBB1E-45B3-4425-A5FD-B9DBA479573C}.Debug|Any CPU.ActiveCfg = Debug|Any CPU
		{661CBB1E-45B3-4425-A5FD-B9DBA479573C}.Debug|Any CPU.Build.0 = Debug|Any CPU
		{661CBB1E-45B3-4425-A5FD-B9DBA479573C}.Release|Any CPU.ActiveCfg = Release|Any CPU
		{661CBB1E-45B3-4425-A5FD-B9DBA479573C}.Release|Any CPU.Build.0 = Release|Any CPU
	EndGlobalSection
	GlobalSection(SolutionProperties) = preSolution
		HideSolutionNode = FALSE
	EndGlobalSection
	GlobalSection(ExtensibilityGlobals) = postSolution
		SolutionGuid = {01FCCA4F-251C-41E9-96C2-3A3E3756ABE6}
	EndGlobalSection
EndGlobal
